
Microsoft Visual Studio Solution File, Format Version 12.00
# Visual Studio 15
VisualStudioVersion = 15.0.28307.168
MinimumVisualStudioVersion = 10.0.40219.1
Project("{FAE04EC0-301F-11D3-BF4B-00C04F79EFBC}") = "Demo_3", "Demo_3\Demo_3.csproj", "{7FD765A9-5FB3-4BFF-9070-05BA7AEAFC28}"
EndProject
Global
	GlobalSection(SolutionConfigurationPlatforms) = preSolution
		Debug|Any CPU = Debug|Any CPU
		Release|Any CPU = Release|Any CPU
	EndGlobalSection
	GlobalSection(ProjectConfigurationPlatforms) = postSolution
		{7FD765A9-5FB3-4BFF-9070-05BA7AEAFC28}.Debug|Any CPU.ActiveCfg = Debug|Any CPU
		{7FD765A9-5FB3-4BFF-9070-05BA7AEAFC28}.Debug|Any CPU.Build.0 = Debug|Any CPU
		{7FD765A9-5FB3-4BFF-9070-05BA7AEAFC28}.Release|Any CPU.ActiveCfg = Release|Any CPU
		{7FD765A9-5FB3-4BFF-9070-05BA7AEAFC28}.Release|Any CPU.Build.0 = Release|Any CPU
	EndGlobalSection
	GlobalSection(SolutionProperties) = preSolution
		HideSolutionNode = FALSE
	EndGlobalSection
	GlobalSection(ExtensibilityGlobals) = postSolution
		SolutionGuid = {DC5BD0E9-610B-4DFF-A4E2-837CBAB3F0C5}
	EndGlobalSection
EndGlobal
