
Microsoft Visual Studio Solution File, Format Version 12.00
# Visual Studio 15
VisualStudioVersion = 15.0.28307.168
MinimumVisualStudioVersion = 10.0.40219.1
Project("{FAE04EC0-301F-11D3-BF4B-00C04F79EFBC}") = "EFDemo", "EFDemo\EFDemo.csproj", "{F31A0004-E138-46E3-A7DD-62570602BA1F}"
EndProject
Global
	GlobalSection(SolutionConfigurationPlatforms) = preSolution
		Debug|Any CPU = Debug|Any CPU
		Release|Any CPU = Release|Any CPU
	EndGlobalSection
	GlobalSection(ProjectConfigurationPlatforms) = postSolution
		{F31A0004-E138-46E3-A7DD-62570602BA1F}.Debug|Any CPU.ActiveCfg = Debug|Any CPU
		{F31A0004-E138-46E3-A7DD-62570602BA1F}.Debug|Any CPU.Build.0 = Debug|Any CPU
		{F31A0004-E138-46E3-A7DD-62570602BA1F}.Release|Any CPU.ActiveCfg = Release|Any CPU
		{F31A0004-E138-46E3-A7DD-62570602BA1F}.Release|Any CPU.Build.0 = Release|Any CPU
	EndGlobalSection
	GlobalSection(SolutionProperties) = preSolution
		HideSolutionNode = FALSE
	EndGlobalSection
	GlobalSection(ExtensibilityGlobals) = postSolution
		SolutionGuid = {9CB57F72-5C8F-49F7-817E-AEAC1D6CD8A6}
	EndGlobalSection
EndGlobal
